
Microsoft Visual Studio Solution File, Format Version 12.00
# Visual Studio Version 17
VisualStudioVersion = 17.12.35514.174 d17.12
MinimumVisualStudioVersion = 10.0.40219.1
Project("{FAE04EC0-301F-11D3-BF4B-00C04F79EFBC}") = "SEBOOK.Backend", "SEBOOK.Backend\SEBOOK.Backend.csproj", "{3164B4C0-FDCC-47C6-A914-F5A00E76F191}"
EndProject
Project("{FAE04EC0-301F-11D3-BF4B-00C04F79EFBC}") = "SEBOOK.Shared", "SEBOOK.Shared\SEBOOK.Shared.csproj", "{A202CCD6-3BEB-472D-AE5A-C7257A1D203F}"
EndProject
Global
	GlobalSection(SolutionConfigurationPlatforms) = preSolution
		Debug|Any CPU = Debug|Any CPU
		Release|Any CPU = Release|Any CPU
	EndGlobalSection
	GlobalSection(ProjectConfigurationPlatforms) = postSolution
		{3164B4C0-FDCC-47C6-A914-F5A00E76F191}.Debug|Any CPU.ActiveCfg = Debug|Any CPU
		{3164B4C0-FDCC-47C6-A914-F5A00E76F191}.Debug|Any CPU.Build.0 = Debug|Any CPU
		{3164B4C0-FDCC-47C6-A914-F5A00E76F191}.Release|Any CPU.ActiveCfg = Release|Any CPU
		{3164B4C0-FDCC-47C6-A914-F5A00E76F191}.Release|Any CPU.Build.0 = Release|Any CPU
		{A202CCD6-3BEB-472D-AE5A-C7257A1D203F}.Debug|Any CPU.ActiveCfg = Debug|Any CPU
		{A202CCD6-3BEB-472D-AE5A-C7257A1D203F}.Debug|Any CPU.Build.0 = Debug|Any CPU
		{A202CCD6-3BEB-472D-AE5A-C7257A1D203F}.Release|Any CPU.ActiveCfg = Release|Any CPU
		{A202CCD6-3BEB-472D-AE5A-C7257A1D203F}.Release|Any CPU.Build.0 = Release|Any CPU
	EndGlobalSection
	GlobalSection(SolutionProperties) = preSolution
		HideSolutionNode = FALSE
	EndGlobalSection
EndGlobal
